// !$*UTF8*$!
{
	archiveVersion = 1;
	classes = {
	};
	objectVersion = 51;
	objects = {

/* Begin PBXBuildFile section */
		12032F56884D92D1504B3B6C /* Pods_Afya_AfyaUITests.framework in Frameworks */ = {isa = PBXBuildFile; fileRef = 49E363042D5C88E896F08476 /* Pods_Afya_AfyaUITests.framework */; };
		4241990126681F5400F2A482 /* Day.swift in Sources */ = {isa = PBXBuildFile; fileRef = 424198EE26681F5200F2A482 /* Day.swift */; };
		4241990426681F5400F2A482 /* Serie.swift in Sources */ = {isa = PBXBuildFile; fileRef = 424198F126681F5200F2A482 /* Serie.swift */; };
		4241990526681F5400F2A482 /* Rating.swift in Sources */ = {isa = PBXBuildFile; fileRef = 424198F226681F5300F2A482 /* Rating.swift */; };
		4241990A26681F5400F2A482 /* Schedule.swift in Sources */ = {isa = PBXBuildFile; fileRef = 424198F726681F5300F2A482 /* Schedule.swift */; };
		4241990D26681F5400F2A482 /* Country.swift in Sources */ = {isa = PBXBuildFile; fileRef = 424198FA26681F5300F2A482 /* Country.swift */; };
		4241990E26681F5400F2A482 /* Image.swift in Sources */ = {isa = PBXBuildFile; fileRef = 424198FB26681F5300F2A482 /* Image.swift */; };
		4241990F26681F5400F2A482 /* Network.swift in Sources */ = {isa = PBXBuildFile; fileRef = 424198FC26681F5300F2A482 /* Network.swift */; };
		4241992E2668228E00F2A482 /* ErrorAPI.swift in Sources */ = {isa = PBXBuildFile; fileRef = 4241992B2668228D00F2A482 /* ErrorAPI.swift */; };
		42419943266830B900F2A482 /* Repository.swift in Sources */ = {isa = PBXBuildFile; fileRef = 4241988C2668069A00F2A482 /* Repository.swift */; };
		4241994E266831EC00F2A482 /* RemoteRepository.swift in Sources */ = {isa = PBXBuildFile; fileRef = 4241994D266831EC00F2A482 /* RemoteRepository.swift */; };
		4241997926683AF700F2A482 /* Episode.swift in Sources */ = {isa = PBXBuildFile; fileRef = 4241997626683AF700F2A482 /* Episode.swift */; };
		4241997A26683AF700F2A482 /* Embedded.swift in Sources */ = {isa = PBXBuildFile; fileRef = 4241997726683AF700F2A482 /* Embedded.swift */; };
		424199832668428700F2A482 /* EpisodeAPI.swift in Sources */ = {isa = PBXBuildFile; fileRef = 424199822668428700F2A482 /* EpisodeAPI.swift */; };
		424199882668438E00F2A482 /* EpisodeService.swift in Sources */ = {isa = PBXBuildFile; fileRef = 424199872668438E00F2A482 /* EpisodeService.swift */; };
		4241998E266844A900F2A482 /* SeasonAPI.swift in Sources */ = {isa = PBXBuildFile; fileRef = 4241998D266844A900F2A482 /* SeasonAPI.swift */; };
		42419996266844B300F2A482 /* SeasonService.swift in Sources */ = {isa = PBXBuildFile; fileRef = 42419995266844B300F2A482 /* SeasonService.swift */; };
		4241999B266845B600F2A482 /* Season.swift in Sources */ = {isa = PBXBuildFile; fileRef = 4241999A266845B600F2A482 /* Season.swift */; };
		4274D53B26699001000CBBB3 /* Constants.swift in Sources */ = {isa = PBXBuildFile; fileRef = 4274D53A26699001000CBBB3 /* Constants.swift */; };
		428AD541266956B400C3C8DF /* HomeViewModel.swift in Sources */ = {isa = PBXBuildFile; fileRef = 428AD540266956B400C3C8DF /* HomeViewModel.swift */; };
		428AD546266956BD00C3C8DF /* HomeView.swift in Sources */ = {isa = PBXBuildFile; fileRef = 428AD545266956BD00C3C8DF /* HomeView.swift */; };
		428AD54B26695D2700C3C8DF /* HasCustomView.swift in Sources */ = {isa = PBXBuildFile; fileRef = 428AD54A26695D2700C3C8DF /* HasCustomView.swift */; };
		428AD55D26695EDA00C3C8DF /* SerieTableViewCell.swift in Sources */ = {isa = PBXBuildFile; fileRef = 428AD55C26695EDA00C3C8DF /* SerieTableViewCell.swift */; };
		42CF059D265DC735009AD452 /* AppDelegate.swift in Sources */ = {isa = PBXBuildFile; fileRef = 42CF059C265DC735009AD452 /* AppDelegate.swift */; };
		42CF059F265DC735009AD452 /* SceneDelegate.swift in Sources */ = {isa = PBXBuildFile; fileRef = 42CF059E265DC735009AD452 /* SceneDelegate.swift */; };
		42CF05A7265DC735009AD452 /* Afya.xcdatamodeld in Sources */ = {isa = PBXBuildFile; fileRef = 42CF05A5265DC735009AD452 /* Afya.xcdatamodeld */; };
		42CF05A9265DC738009AD452 /* Assets.xcassets in Resources */ = {isa = PBXBuildFile; fileRef = 42CF05A8265DC738009AD452 /* Assets.xcassets */; };
		42CF05AC265DC738009AD452 /* LaunchScreen.storyboard in Resources */ = {isa = PBXBuildFile; fileRef = 42CF05AA265DC738009AD452 /* LaunchScreen.storyboard */; };
		42CF05B7265DC738009AD452 /* AfyaTests.swift in Sources */ = {isa = PBXBuildFile; fileRef = 42CF05B6265DC738009AD452 /* AfyaTests.swift */; };
		42CF05C2265DC738009AD452 /* AfyaUITests.swift in Sources */ = {isa = PBXBuildFile; fileRef = 42CF05C1265DC738009AD452 /* AfyaUITests.swift */; };
		42E6C1F0265DD99400A182BB /* Coordinator.swift in Sources */ = {isa = PBXBuildFile; fileRef = 42E6C1EF265DD99400A182BB /* Coordinator.swift */; };
		42E6C1F5265DDAB600A182BB /* AppCoordinator.swift in Sources */ = {isa = PBXBuildFile; fileRef = 42E6C1F4265DDAB600A182BB /* AppCoordinator.swift */; };
		42EAD3572666B0150054AA13 /* APIClient.swift in Sources */ = {isa = PBXBuildFile; fileRef = 42EAD3562666B0150054AA13 /* APIClient.swift */; };
		42EAD36D2666BFA20054AA13 /* SerieAPI.swift in Sources */ = {isa = PBXBuildFile; fileRef = 42EAD36C2666BFA20054AA13 /* SerieAPI.swift */; };
		42EAD3752666BFE20054AA13 /* SerieService.swift in Sources */ = {isa = PBXBuildFile; fileRef = 42EAD3742666BFE20054AA13 /* SerieService.swift */; };
		42FD8B87265DDF66003057D2 /* HomeViewController.swift in Sources */ = {isa = PBXBuildFile; fileRef = 42FD8B86265DDF66003057D2 /* HomeViewController.swift */; };
		42FD8B98265DE437003057D2 /* HomeCoordinator.swift in Sources */ = {isa = PBXBuildFile; fileRef = 42FD8B97265DE437003057D2 /* HomeCoordinator.swift */; };
		5551FDFC54B1651B7067C236 /* Pods_Afya.framework in Frameworks */ = {isa = PBXBuildFile; fileRef = 1F8A0FC1144F6DF748A0AE61 /* Pods_Afya.framework */; };
		BF729C32BD153E06A5441EE8 /* Pods_AfyaTests.framework in Frameworks */ = {isa = PBXBuildFile; fileRef = 869B9FC2095A8E673E5E06E4 /* Pods_AfyaTests.framework */; };
/* End PBXBuildFile section */

/* Begin PBXContainerItemProxy section */
		42CF05B3265DC738009AD452 /* PBXContainerItemProxy */ = {
			isa = PBXContainerItemProxy;
			containerPortal = 42CF0591265DC735009AD452 /* Project object */;
			proxyType = 1;
			remoteGlobalIDString = 42CF0598265DC735009AD452;
			remoteInfo = Afya;
		};
		42CF05BE265DC738009AD452 /* PBXContainerItemProxy */ = {
			isa = PBXContainerItemProxy;
			containerPortal = 42CF0591265DC735009AD452 /* Project object */;
			proxyType = 1;
			remoteGlobalIDString = 42CF0598265DC735009AD452;
			remoteInfo = Afya;
		};
/* End PBXContainerItemProxy section */

/* Begin PBXFileReference section */
		1F8A0FC1144F6DF748A0AE61 /* Pods_Afya.framework */ = {isa = PBXFileReference; explicitFileType = wrapper.framework; includeInIndex = 0; path = Pods_Afya.framework; sourceTree = BUILT_PRODUCTS_DIR; };
		3ACBD9E76652C5C590F115AF /* Pods-AfyaTests.release.xcconfig */ = {isa = PBXFileReference; includeInIndex = 1; lastKnownFileType = text.xcconfig; name = "Pods-AfyaTests.release.xcconfig"; path = "Target Support Files/Pods-AfyaTests/Pods-AfyaTests.release.xcconfig"; sourceTree = "<group>"; };
		4241988C2668069A00F2A482 /* Repository.swift */ = {isa = PBXFileReference; lastKnownFileType = sourcecode.swift; path = Repository.swift; sourceTree = "<group>"; };
		424198EE26681F5200F2A482 /* Day.swift */ = {isa = PBXFileReference; fileEncoding = 4; lastKnownFileType = sourcecode.swift; path = Day.swift; sourceTree = "<group>"; };
		424198F126681F5200F2A482 /* Serie.swift */ = {isa = PBXFileReference; fileEncoding = 4; lastKnownFileType = sourcecode.swift; path = Serie.swift; sourceTree = "<group>"; };
		424198F226681F5300F2A482 /* Rating.swift */ = {isa = PBXFileReference; fileEncoding = 4; lastKnownFileType = sourcecode.swift; path = Rating.swift; sourceTree = "<group>"; };
		424198F726681F5300F2A482 /* Schedule.swift */ = {isa = PBXFileReference; fileEncoding = 4; lastKnownFileType = sourcecode.swift; path = Schedule.swift; sourceTree = "<group>"; };
		424198FA26681F5300F2A482 /* Country.swift */ = {isa = PBXFileReference; fileEncoding = 4; lastKnownFileType = sourcecode.swift; path = Country.swift; sourceTree = "<group>"; };
		424198FB26681F5300F2A482 /* Image.swift */ = {isa = PBXFileReference; fileEncoding = 4; lastKnownFileType = sourcecode.swift; path = Image.swift; sourceTree = "<group>"; };
		424198FC26681F5300F2A482 /* Network.swift */ = {isa = PBXFileReference; fileEncoding = 4; lastKnownFileType = sourcecode.swift; path = Network.swift; sourceTree = "<group>"; };
		4241992B2668228D00F2A482 /* ErrorAPI.swift */ = {isa = PBXFileReference; fileEncoding = 4; lastKnownFileType = sourcecode.swift; path = ErrorAPI.swift; sourceTree = "<group>"; };
		4241994D266831EC00F2A482 /* RemoteRepository.swift */ = {isa = PBXFileReference; lastKnownFileType = sourcecode.swift; path = RemoteRepository.swift; sourceTree = "<group>"; };
		4241997626683AF700F2A482 /* Episode.swift */ = {isa = PBXFileReference; fileEncoding = 4; lastKnownFileType = sourcecode.swift; path = Episode.swift; sourceTree = "<group>"; };
		4241997726683AF700F2A482 /* Embedded.swift */ = {isa = PBXFileReference; fileEncoding = 4; lastKnownFileType = sourcecode.swift; path = Embedded.swift; sourceTree = "<group>"; };
		424199822668428700F2A482 /* EpisodeAPI.swift */ = {isa = PBXFileReference; lastKnownFileType = sourcecode.swift; name = EpisodeAPI.swift; path = Afya/EpisodeAPI.swift; sourceTree = SOURCE_ROOT; };
		424199872668438E00F2A482 /* EpisodeService.swift */ = {isa = PBXFileReference; lastKnownFileType = sourcecode.swift; path = EpisodeService.swift; sourceTree = "<group>"; };
		4241998D266844A900F2A482 /* SeasonAPI.swift */ = {isa = PBXFileReference; lastKnownFileType = sourcecode.swift; path = SeasonAPI.swift; sourceTree = "<group>"; };
		42419995266844B300F2A482 /* SeasonService.swift */ = {isa = PBXFileReference; lastKnownFileType = sourcecode.swift; path = SeasonService.swift; sourceTree = "<group>"; };
		4241999A266845B600F2A482 /* Season.swift */ = {isa = PBXFileReference; fileEncoding = 4; lastKnownFileType = sourcecode.swift; path = Season.swift; sourceTree = "<group>"; };
		4274D53A26699001000CBBB3 /* Constants.swift */ = {isa = PBXFileReference; lastKnownFileType = sourcecode.swift; path = Constants.swift; sourceTree = "<group>"; };
		428AD540266956B400C3C8DF /* HomeViewModel.swift */ = {isa = PBXFileReference; lastKnownFileType = sourcecode.swift; path = HomeViewModel.swift; sourceTree = "<group>"; };
		428AD545266956BD00C3C8DF /* HomeView.swift */ = {isa = PBXFileReference; lastKnownFileType = sourcecode.swift; path = HomeView.swift; sourceTree = "<group>"; };
		428AD54A26695D2700C3C8DF /* HasCustomView.swift */ = {isa = PBXFileReference; lastKnownFileType = sourcecode.swift; path = HasCustomView.swift; sourceTree = "<group>"; };
		428AD55C26695EDA00C3C8DF /* SerieTableViewCell.swift */ = {isa = PBXFileReference; lastKnownFileType = sourcecode.swift; path = SerieTableViewCell.swift; sourceTree = "<group>"; };
		42CF0599265DC735009AD452 /* Afya.app */ = {isa = PBXFileReference; explicitFileType = wrapper.application; includeInIndex = 0; path = Afya.app; sourceTree = BUILT_PRODUCTS_DIR; };
		42CF059C265DC735009AD452 /* AppDelegate.swift */ = {isa = PBXFileReference; lastKnownFileType = sourcecode.swift; path = AppDelegate.swift; sourceTree = "<group>"; };
		42CF059E265DC735009AD452 /* SceneDelegate.swift */ = {isa = PBXFileReference; lastKnownFileType = sourcecode.swift; path = SceneDelegate.swift; sourceTree = "<group>"; };
		42CF05A6265DC735009AD452 /* Afya.xcdatamodel */ = {isa = PBXFileReference; lastKnownFileType = wrapper.xcdatamodel; path = Afya.xcdatamodel; sourceTree = "<group>"; };
		42CF05A8265DC738009AD452 /* Assets.xcassets */ = {isa = PBXFileReference; lastKnownFileType = folder.assetcatalog; path = Assets.xcassets; sourceTree = "<group>"; };
		42CF05AB265DC738009AD452 /* Base */ = {isa = PBXFileReference; lastKnownFileType = file.storyboard; name = Base; path = Base.lproj/LaunchScreen.storyboard; sourceTree = "<group>"; };
		42CF05AD265DC738009AD452 /* Info.plist */ = {isa = PBXFileReference; lastKnownFileType = text.plist.xml; path = Info.plist; sourceTree = "<group>"; };
		42CF05B2265DC738009AD452 /* AfyaTests.xctest */ = {isa = PBXFileReference; explicitFileType = wrapper.cfbundle; includeInIndex = 0; path = AfyaTests.xctest; sourceTree = BUILT_PRODUCTS_DIR; };
		42CF05B6265DC738009AD452 /* AfyaTests.swift */ = {isa = PBXFileReference; lastKnownFileType = sourcecode.swift; path = AfyaTests.swift; sourceTree = "<group>"; };
		42CF05B8265DC738009AD452 /* Info.plist */ = {isa = PBXFileReference; lastKnownFileType = text.plist.xml; path = Info.plist; sourceTree = "<group>"; };
		42CF05BD265DC738009AD452 /* AfyaUITests.xctest */ = {isa = PBXFileReference; explicitFileType = wrapper.cfbundle; includeInIndex = 0; path = AfyaUITests.xctest; sourceTree = BUILT_PRODUCTS_DIR; };
		42CF05C1265DC738009AD452 /* AfyaUITests.swift */ = {isa = PBXFileReference; lastKnownFileType = sourcecode.swift; path = AfyaUITests.swift; sourceTree = "<group>"; };
		42CF05C3265DC738009AD452 /* Info.plist */ = {isa = PBXFileReference; lastKnownFileType = text.plist.xml; path = Info.plist; sourceTree = "<group>"; };
		42E6C1EF265DD99400A182BB /* Coordinator.swift */ = {isa = PBXFileReference; lastKnownFileType = sourcecode.swift; path = Coordinator.swift; sourceTree = "<group>"; };
		42E6C1F4265DDAB600A182BB /* AppCoordinator.swift */ = {isa = PBXFileReference; lastKnownFileType = sourcecode.swift; path = AppCoordinator.swift; sourceTree = "<group>"; };
		42EAD3562666B0150054AA13 /* APIClient.swift */ = {isa = PBXFileReference; lastKnownFileType = sourcecode.swift; path = APIClient.swift; sourceTree = "<group>"; };
		42EAD36C2666BFA20054AA13 /* SerieAPI.swift */ = {isa = PBXFileReference; lastKnownFileType = sourcecode.swift; path = SerieAPI.swift; sourceTree = "<group>"; };
		42EAD3742666BFE20054AA13 /* SerieService.swift */ = {isa = PBXFileReference; lastKnownFileType = sourcecode.swift; path = SerieService.swift; sourceTree = "<group>"; };
		42FD8B86265DDF66003057D2 /* HomeViewController.swift */ = {isa = PBXFileReference; lastKnownFileType = sourcecode.swift; path = HomeViewController.swift; sourceTree = "<group>"; };
		42FD8B97265DE437003057D2 /* HomeCoordinator.swift */ = {isa = PBXFileReference; lastKnownFileType = sourcecode.swift; path = HomeCoordinator.swift; sourceTree = "<group>"; };
		49E363042D5C88E896F08476 /* Pods_Afya_AfyaUITests.framework */ = {isa = PBXFileReference; explicitFileType = wrapper.framework; includeInIndex = 0; path = Pods_Afya_AfyaUITests.framework; sourceTree = BUILT_PRODUCTS_DIR; };
		869B9FC2095A8E673E5E06E4 /* Pods_AfyaTests.framework */ = {isa = PBXFileReference; explicitFileType = wrapper.framework; includeInIndex = 0; path = Pods_AfyaTests.framework; sourceTree = BUILT_PRODUCTS_DIR; };
		CAD0A986E979A76A1D54D93C /* Pods-Afya-AfyaUITests.debug.xcconfig */ = {isa = PBXFileReference; includeInIndex = 1; lastKnownFileType = text.xcconfig; name = "Pods-Afya-AfyaUITests.debug.xcconfig"; path = "Target Support Files/Pods-Afya-AfyaUITests/Pods-Afya-AfyaUITests.debug.xcconfig"; sourceTree = "<group>"; };
		D83494D2D4CDBF91D2AAAB29 /* Pods-Afya-AfyaUITests.release.xcconfig */ = {isa = PBXFileReference; includeInIndex = 1; lastKnownFileType = text.xcconfig; name = "Pods-Afya-AfyaUITests.release.xcconfig"; path = "Target Support Files/Pods-Afya-AfyaUITests/Pods-Afya-AfyaUITests.release.xcconfig"; sourceTree = "<group>"; };
		E7017C414EBD5DF8ABAB0BAC /* Pods-AfyaTests.debug.xcconfig */ = {isa = PBXFileReference; includeInIndex = 1; lastKnownFileType = text.xcconfig; name = "Pods-AfyaTests.debug.xcconfig"; path = "Target Support Files/Pods-AfyaTests/Pods-AfyaTests.debug.xcconfig"; sourceTree = "<group>"; };
		F1F9B59978B464B092C1ED0D /* Pods-Afya.debug.xcconfig */ = {isa = PBXFileReference; includeInIndex = 1; lastKnownFileType = text.xcconfig; name = "Pods-Afya.debug.xcconfig"; path = "Target Support Files/Pods-Afya/Pods-Afya.debug.xcconfig"; sourceTree = "<group>"; };
		FCA16DADACAF103747FDB8ED /* Pods-Afya.release.xcconfig */ = {isa = PBXFileReference; includeInIndex = 1; lastKnownFileType = text.xcconfig; name = "Pods-Afya.release.xcconfig"; path = "Target Support Files/Pods-Afya/Pods-Afya.release.xcconfig"; sourceTree = "<group>"; };
/* End PBXFileReference section */

/* Begin PBXFrameworksBuildPhase section */
		42CF0596265DC735009AD452 /* Frameworks */ = {
			isa = PBXFrameworksBuildPhase;
			buildActionMask = 2147483647;
			files = (
				5551FDFC54B1651B7067C236 /* Pods_Afya.framework in Frameworks */,
			);
			runOnlyForDeploymentPostprocessing = 0;
		};
		42CF05AF265DC738009AD452 /* Frameworks */ = {
			isa = PBXFrameworksBuildPhase;
			buildActionMask = 2147483647;
			files = (
				BF729C32BD153E06A5441EE8 /* Pods_AfyaTests.framework in Frameworks */,
			);
			runOnlyForDeploymentPostprocessing = 0;
		};
		42CF05BA265DC738009AD452 /* Frameworks */ = {
			isa = PBXFrameworksBuildPhase;
			buildActionMask = 2147483647;
			files = (
				12032F56884D92D1504B3B6C /* Pods_Afya_AfyaUITests.framework in Frameworks */,
			);
			runOnlyForDeploymentPostprocessing = 0;
		};
/* End PBXFrameworksBuildPhase section */

/* Begin PBXGroup section */
		415950D218EFC283A71DA77F /* Pods */ = {
			isa = PBXGroup;
			children = (
				F1F9B59978B464B092C1ED0D /* Pods-Afya.debug.xcconfig */,
				FCA16DADACAF103747FDB8ED /* Pods-Afya.release.xcconfig */,
				CAD0A986E979A76A1D54D93C /* Pods-Afya-AfyaUITests.debug.xcconfig */,
				D83494D2D4CDBF91D2AAAB29 /* Pods-Afya-AfyaUITests.release.xcconfig */,
				E7017C414EBD5DF8ABAB0BAC /* Pods-AfyaTests.debug.xcconfig */,
				3ACBD9E76652C5C590F115AF /* Pods-AfyaTests.release.xcconfig */,
			);
			path = Pods;
			sourceTree = "<group>";
		};
		4241988B2668068A00F2A482 /* Repositoy */ = {
			isa = PBXGroup;
			children = (
				4241988C2668069A00F2A482 /* Repository.swift */,
				4241994D266831EC00F2A482 /* RemoteRepository.swift */,
			);
			path = Repositoy;
			sourceTree = "<group>";
		};
		424199522668323C00F2A482 /* Api */ = {
			isa = PBXGroup;
			children = (
				42EAD3562666B0150054AA13 /* APIClient.swift */,
				4241988B2668068A00F2A482 /* Repositoy */,
				42EAD36A2666BF4C0054AA13 /* Service */,
			);
			path = Api;
			sourceTree = "<group>";
		};
		424199712668376E00F2A482 /* Error */ = {
			isa = PBXGroup;
			children = (
				4241992B2668228D00F2A482 /* ErrorAPI.swift */,
			);
			path = Error;
			sourceTree = "<group>";
		};
		424199812668427100F2A482 /* Episode */ = {
			isa = PBXGroup;
			children = (
				424199822668428700F2A482 /* EpisodeAPI.swift */,
				424199872668438E00F2A482 /* EpisodeService.swift */,
			);
			path = Episode;
			sourceTree = "<group>";
		};
		4241998C2668449E00F2A482 /* Season */ = {
			isa = PBXGroup;
			children = (
				4241998D266844A900F2A482 /* SeasonAPI.swift */,
				42419995266844B300F2A482 /* SeasonService.swift */,
			);
			path = Season;
			sourceTree = "<group>";
		};
		428AD54F26695D3200C3C8DF /* Helper */ = {
			isa = PBXGroup;
			children = (
				428AD54A26695D2700C3C8DF /* HasCustomView.swift */,
				4274D53A26699001000CBBB3 /* Constants.swift */,
			);
			path = Helper;
			sourceTree = "<group>";
		};
		428AD56426695EDF00C3C8DF /* Components */ = {
			isa = PBXGroup;
			children = (
				428AD55C26695EDA00C3C8DF /* SerieTableViewCell.swift */,
			);
			path = Components;
			sourceTree = "<group>";
		};
		42CF0590265DC735009AD452 = {
			isa = PBXGroup;
			children = (
				42CF059B265DC735009AD452 /* Afya */,
				42CF05B5265DC738009AD452 /* AfyaTests */,
				42CF05C0265DC738009AD452 /* AfyaUITests */,
				42CF059A265DC735009AD452 /* Products */,
				415950D218EFC283A71DA77F /* Pods */,
				4802B8B77C08B1008A63FF88 /* Frameworks */,
			);
			sourceTree = "<group>";
		};
		42CF059A265DC735009AD452 /* Products */ = {
			isa = PBXGroup;
			children = (
				42CF0599265DC735009AD452 /* Afya.app */,
				42CF05B2265DC738009AD452 /* AfyaTests.xctest */,
				42CF05BD265DC738009AD452 /* AfyaUITests.xctest */,
			);
			name = Products;
			sourceTree = "<group>";
		};
		42CF059B265DC735009AD452 /* Afya */ = {
			isa = PBXGroup;
			children = (
				428AD56426695EDF00C3C8DF /* Components */,
				428AD54F26695D3200C3C8DF /* Helper */,
				424199522668323C00F2A482 /* Api */,
				42EAD3642666BF1D0054AA13 /* Model */,
				42FD8B90265DDFAB003057D2 /* AppDelegates */,
				42FD8B8F265DDF9F003057D2 /* Resources */,
				42FD8B8E265DDF8F003057D2 /* Scenes */,
				42E6C1EE265DD98500A182BB /* Coordinator */,
				42CF05AA265DC738009AD452 /* LaunchScreen.storyboard */,
				42CF05A5265DC735009AD452 /* Afya.xcdatamodeld */,
				42CF05AD265DC738009AD452 /* Info.plist */,
			);
			path = Afya;
			sourceTree = "<group>";
		};
		42CF05B5265DC738009AD452 /* AfyaTests */ = {
			isa = PBXGroup;
			children = (
				42CF05B6265DC738009AD452 /* AfyaTests.swift */,
				42CF05B8265DC738009AD452 /* Info.plist */,
			);
			path = AfyaTests;
			sourceTree = "<group>";
		};
		42CF05C0265DC738009AD452 /* AfyaUITests */ = {
			isa = PBXGroup;
			children = (
				42CF05C1265DC738009AD452 /* AfyaUITests.swift */,
				42CF05C3265DC738009AD452 /* Info.plist */,
			);
			path = AfyaUITests;
			sourceTree = "<group>";
		};
		42E6C1EE265DD98500A182BB /* Coordinator */ = {
			isa = PBXGroup;
			children = (
				42E6C1EF265DD99400A182BB /* Coordinator.swift */,
				42E6C1F4265DDAB600A182BB /* AppCoordinator.swift */,
			);
			path = Coordinator;
			sourceTree = "<group>";
		};
		42EAD3642666BF1D0054AA13 /* Model */ = {
			isa = PBXGroup;
			children = (
				424199712668376E00F2A482 /* Error */,
				424198FA26681F5300F2A482 /* Country.swift */,
				424198EE26681F5200F2A482 /* Day.swift */,
				424198FB26681F5300F2A482 /* Image.swift */,
				424198FC26681F5300F2A482 /* Network.swift */,
				424198F226681F5300F2A482 /* Rating.swift */,
				424198F726681F5300F2A482 /* Schedule.swift */,
				424198F126681F5200F2A482 /* Serie.swift */,
				4241997726683AF700F2A482 /* Embedded.swift */,
				4241997626683AF700F2A482 /* Episode.swift */,
				4241999A266845B600F2A482 /* Season.swift */,
			);
			path = Model;
			sourceTree = "<group>";
		};
		42EAD36A2666BF4C0054AA13 /* Service */ = {
			isa = PBXGroup;
			children = (
				4241998C2668449E00F2A482 /* Season */,
				424199812668427100F2A482 /* Episode */,
				42EAD36B2666BF970054AA13 /* Serie */,
			);
			path = Service;
			sourceTree = "<group>";
		};
		42EAD36B2666BF970054AA13 /* Serie */ = {
			isa = PBXGroup;
			children = (
				42EAD36C2666BFA20054AA13 /* SerieAPI.swift */,
				42EAD3742666BFE20054AA13 /* SerieService.swift */,
			);
			path = Serie;
			sourceTree = "<group>";
		};
		42FD8B85265DDF51003057D2 /* Home */ = {
			isa = PBXGroup;
			children = (
				42FD8B86265DDF66003057D2 /* HomeViewController.swift */,
				42FD8B97265DE437003057D2 /* HomeCoordinator.swift */,
				428AD540266956B400C3C8DF /* HomeViewModel.swift */,
				428AD545266956BD00C3C8DF /* HomeView.swift */,
			);
			path = Home;
			sourceTree = "<group>";
		};
		42FD8B8E265DDF8F003057D2 /* Scenes */ = {
			isa = PBXGroup;
			children = (
				42FD8B85265DDF51003057D2 /* Home */,
			);
			path = Scenes;
			sourceTree = "<group>";
		};
		42FD8B8F265DDF9F003057D2 /* Resources */ = {
			isa = PBXGroup;
			children = (
				42CF05A8265DC738009AD452 /* Assets.xcassets */,
			);
			path = Resources;
			sourceTree = "<group>";
		};
		42FD8B90265DDFAB003057D2 /* AppDelegates */ = {
			isa = PBXGroup;
			children = (
				42CF059C265DC735009AD452 /* AppDelegate.swift */,
				42CF059E265DC735009AD452 /* SceneDelegate.swift */,
			);
			path = AppDelegates;
			sourceTree = "<group>";
		};
		4802B8B77C08B1008A63FF88 /* Frameworks */ = {
			isa = PBXGroup;
			children = (
				1F8A0FC1144F6DF748A0AE61 /* Pods_Afya.framework */,
				49E363042D5C88E896F08476 /* Pods_Afya_AfyaUITests.framework */,
				869B9FC2095A8E673E5E06E4 /* Pods_AfyaTests.framework */,
			);
			name = Frameworks;
			sourceTree = "<group>";
		};
/* End PBXGroup section */

/* Begin PBXNativeTarget section */
		42CF0598265DC735009AD452 /* Afya */ = {
			isa = PBXNativeTarget;
			buildConfigurationList = 42CF05C6265DC738009AD452 /* Build configuration list for PBXNativeTarget "Afya" */;
			buildPhases = (
				4FE12F0BE108A7ADDFD1CE23 /* [CP] Check Pods Manifest.lock */,
				42CF0595265DC735009AD452 /* Sources */,
				42CF0596265DC735009AD452 /* Frameworks */,
				42CF0597265DC735009AD452 /* Resources */,
				AFFA15DB3F931ACD437378C8 /* [CP] Embed Pods Frameworks */,
			);
			buildRules = (
			);
			dependencies = (
			);
			name = Afya;
			productName = Afya;
			productReference = 42CF0599265DC735009AD452 /* Afya.app */;
			productType = "com.apple.product-type.application";
		};
		42CF05B1265DC738009AD452 /* AfyaTests */ = {
			isa = PBXNativeTarget;
			buildConfigurationList = 42CF05C9265DC738009AD452 /* Build configuration list for PBXNativeTarget "AfyaTests" */;
			buildPhases = (
				6DDCE51EE5999821CAB10C80 /* [CP] Check Pods Manifest.lock */,
				42CF05AE265DC738009AD452 /* Sources */,
				42CF05AF265DC738009AD452 /* Frameworks */,
				42CF05B0265DC738009AD452 /* Resources */,
			);
			buildRules = (
			);
			dependencies = (
				42CF05B4265DC738009AD452 /* PBXTargetDependency */,
			);
			name = AfyaTests;
			productName = AfyaTests;
			productReference = 42CF05B2265DC738009AD452 /* AfyaTests.xctest */;
			productType = "com.apple.product-type.bundle.unit-test";
		};
		42CF05BC265DC738009AD452 /* AfyaUITests */ = {
			isa = PBXNativeTarget;
			buildConfigurationList = 42CF05CC265DC738009AD452 /* Build configuration list for PBXNativeTarget "AfyaUITests" */;
			buildPhases = (
				101780C825152BD0301D8F5B /* [CP] Check Pods Manifest.lock */,
				42CF05B9265DC738009AD452 /* Sources */,
				42CF05BA265DC738009AD452 /* Frameworks */,
				42CF05BB265DC738009AD452 /* Resources */,
				BE62730B8916C15B06030584 /* [CP] Embed Pods Frameworks */,
			);
			buildRules = (
			);
			dependencies = (
				42CF05BF265DC738009AD452 /* PBXTargetDependency */,
			);
			name = AfyaUITests;
			productName = AfyaUITests;
			productReference = 42CF05BD265DC738009AD452 /* AfyaUITests.xctest */;
			productType = "com.apple.product-type.bundle.ui-testing";
		};
/* End PBXNativeTarget section */

/* Begin PBXProject section */
		42CF0591265DC735009AD452 /* Project object */ = {
			isa = PBXProject;
			attributes = {
				LastSwiftUpdateCheck = 1240;
				LastUpgradeCheck = 1240;
				TargetAttributes = {
					42CF0598265DC735009AD452 = {
						CreatedOnToolsVersion = 12.4;
					};
					42CF05B1265DC738009AD452 = {
						CreatedOnToolsVersion = 12.4;
						TestTargetID = 42CF0598265DC735009AD452;
					};
					42CF05BC265DC738009AD452 = {
						CreatedOnToolsVersion = 12.4;
						TestTargetID = 42CF0598265DC735009AD452;
					};
				};
			};
			buildConfigurationList = 42CF0594265DC735009AD452 /* Build configuration list for PBXProject "Afya" */;
			compatibilityVersion = "Xcode 9.3";
			developmentRegion = en;
			hasScannedForEncodings = 0;
			knownRegions = (
				en,
				Base,
			);
			mainGroup = 42CF0590265DC735009AD452;
			productRefGroup = 42CF059A265DC735009AD452 /* Products */;
			projectDirPath = "";
			projectRoot = "";
			targets = (
				42CF0598265DC735009AD452 /* Afya */,
				42CF05B1265DC738009AD452 /* AfyaTests */,
				42CF05BC265DC738009AD452 /* AfyaUITests */,
			);
		};
/* End PBXProject section */

/* Begin PBXResourcesBuildPhase section */
		42CF0597265DC735009AD452 /* Resources */ = {
			isa = PBXResourcesBuildPhase;
			buildActionMask = 2147483647;
			files = (
				42CF05AC265DC738009AD452 /* LaunchScreen.storyboard in Resources */,
				42CF05A9265DC738009AD452 /* Assets.xcassets in Resources */,
			);
			runOnlyForDeploymentPostprocessing = 0;
		};
		42CF05B0265DC738009AD452 /* Resources */ = {
			isa = PBXResourcesBuildPhase;
			buildActionMask = 2147483647;
			files = (
			);
			runOnlyForDeploymentPostprocessing = 0;
		};
		42CF05BB265DC738009AD452 /* Resources */ = {
			isa = PBXResourcesBuildPhase;
			buildActionMask = 2147483647;
			files = (
			);
			runOnlyForDeploymentPostprocessing = 0;
		};
/* End PBXResourcesBuildPhase section */

/* Begin PBXShellScriptBuildPhase section */
		101780C825152BD0301D8F5B /* [CP] Check Pods Manifest.lock */ = {
			isa = PBXShellScriptBuildPhase;
			buildActionMask = 2147483647;
			files = (
			);
			inputFileListPaths = (
			);
			inputPaths = (
				"${PODS_PODFILE_DIR_PATH}/Podfile.lock",
				"${PODS_ROOT}/Manifest.lock",
			);
			name = "[CP] Check Pods Manifest.lock";
			outputFileListPaths = (
			);
			outputPaths = (
				"$(DERIVED_FILE_DIR)/Pods-Afya-AfyaUITests-checkManifestLockResult.txt",
			);
			runOnlyForDeploymentPostprocessing = 0;
			shellPath = /bin/sh;
			shellScript = "diff \"${PODS_PODFILE_DIR_PATH}/Podfile.lock\" \"${PODS_ROOT}/Manifest.lock\" > /dev/null\nif [ $? != 0 ] ; then\n    # print error to STDERR\n    echo \"error: The sandbox is not in sync with the Podfile.lock. Run 'pod install' or update your CocoaPods installation.\" >&2\n    exit 1\nfi\n# This output is used by Xcode 'outputs' to avoid re-running this script phase.\necho \"SUCCESS\" > \"${SCRIPT_OUTPUT_FILE_0}\"\n";
			showEnvVarsInLog = 0;
		};
		4FE12F0BE108A7ADDFD1CE23 /* [CP] Check Pods Manifest.lock */ = {
			isa = PBXShellScriptBuildPhase;
			buildActionMask = 2147483647;
			files = (
			);
			inputFileListPaths = (
			);
			inputPaths = (
				"${PODS_PODFILE_DIR_PATH}/Podfile.lock",
				"${PODS_ROOT}/Manifest.lock",
			);
			name = "[CP] Check Pods Manifest.lock";
			outputFileListPaths = (
			);
			outputPaths = (
				"$(DERIVED_FILE_DIR)/Pods-Afya-checkManifestLockResult.txt",
			);
			runOnlyForDeploymentPostprocessing = 0;
			shellPath = /bin/sh;
			shellScript = "diff \"${PODS_PODFILE_DIR_PATH}/Podfile.lock\" \"${PODS_ROOT}/Manifest.lock\" > /dev/null\nif [ $? != 0 ] ; then\n    # print error to STDERR\n    echo \"error: The sandbox is not in sync with the Podfile.lock. Run 'pod install' or update your CocoaPods installation.\" >&2\n    exit 1\nfi\n# This output is used by Xcode 'outputs' to avoid re-running this script phase.\necho \"SUCCESS\" > \"${SCRIPT_OUTPUT_FILE_0}\"\n";
			showEnvVarsInLog = 0;
		};
		6DDCE51EE5999821CAB10C80 /* [CP] Check Pods Manifest.lock */ = {
			isa = PBXShellScriptBuildPhase;
			buildActionMask = 2147483647;
			files = (
			);
			inputFileListPaths = (
			);
			inputPaths = (
				"${PODS_PODFILE_DIR_PATH}/Podfile.lock",
				"${PODS_ROOT}/Manifest.lock",
			);
			name = "[CP] Check Pods Manifest.lock";
			outputFileListPaths = (
			);
			outputPaths = (
				"$(DERIVED_FILE_DIR)/Pods-AfyaTests-checkManifestLockResult.txt",
			);
			runOnlyForDeploymentPostprocessing = 0;
			shellPath = /bin/sh;
			shellScript = "diff \"${PODS_PODFILE_DIR_PATH}/Podfile.lock\" \"${PODS_ROOT}/Manifest.lock\" > /dev/null\nif [ $? != 0 ] ; then\n    # print error to STDERR\n    echo \"error: The sandbox is not in sync with the Podfile.lock. Run 'pod install' or update your CocoaPods installation.\" >&2\n    exit 1\nfi\n# This output is used by Xcode 'outputs' to avoid re-running this script phase.\necho \"SUCCESS\" > \"${SCRIPT_OUTPUT_FILE_0}\"\n";
			showEnvVarsInLog = 0;
		};
		AFFA15DB3F931ACD437378C8 /* [CP] Embed Pods Frameworks */ = {
			isa = PBXShellScriptBuildPhase;
			buildActionMask = 2147483647;
			files = (
			);
			inputFileListPaths = (
				"${PODS_ROOT}/Target Support Files/Pods-Afya/Pods-Afya-frameworks-${CONFIGURATION}-input-files.xcfilelist",
			);
			name = "[CP] Embed Pods Frameworks";
			outputFileListPaths = (
				"${PODS_ROOT}/Target Support Files/Pods-Afya/Pods-Afya-frameworks-${CONFIGURATION}-output-files.xcfilelist",
			);
			runOnlyForDeploymentPostprocessing = 0;
			shellPath = /bin/sh;
			shellScript = "\"${PODS_ROOT}/Target Support Files/Pods-Afya/Pods-Afya-frameworks.sh\"\n";
			showEnvVarsInLog = 0;
		};
		BE62730B8916C15B06030584 /* [CP] Embed Pods Frameworks */ = {
			isa = PBXShellScriptBuildPhase;
			buildActionMask = 2147483647;
			files = (
			);
			inputFileListPaths = (
				"${PODS_ROOT}/Target Support Files/Pods-Afya-AfyaUITests/Pods-Afya-AfyaUITests-frameworks-${CONFIGURATION}-input-files.xcfilelist",
			);
			name = "[CP] Embed Pods Frameworks";
			outputFileListPaths = (
				"${PODS_ROOT}/Target Support Files/Pods-Afya-AfyaUITests/Pods-Afya-AfyaUITests-frameworks-${CONFIGURATION}-output-files.xcfilelist",
			);
			runOnlyForDeploymentPostprocessing = 0;
			shellPath = /bin/sh;
			shellScript = "\"${PODS_ROOT}/Target Support Files/Pods-Afya-AfyaUITests/Pods-Afya-AfyaUITests-frameworks.sh\"\n";
			showEnvVarsInLog = 0;
		};
/* End PBXShellScriptBuildPhase section */

/* Begin PBXSourcesBuildPhase section */
		42CF0595265DC735009AD452 /* Sources */ = {
			isa = PBXSourcesBuildPhase;
			buildActionMask = 2147483647;
			files = (
				4241999B266845B600F2A482 /* Season.swift in Sources */,
				4241990F26681F5400F2A482 /* Network.swift in Sources */,
				4241992E2668228E00F2A482 /* ErrorAPI.swift in Sources */,
				42E6C1F5265DDAB600A182BB /* AppCoordinator.swift in Sources */,
				42CF059D265DC735009AD452 /* AppDelegate.swift in Sources */,
				4241997926683AF700F2A482 /* Episode.swift in Sources */,
				4241994E266831EC00F2A482 /* RemoteRepository.swift in Sources */,
				4274D53B26699001000CBBB3 /* Constants.swift in Sources */,
				42419943266830B900F2A482 /* Repository.swift in Sources */,
				424199832668428700F2A482 /* EpisodeAPI.swift in Sources */,
				4241990D26681F5400F2A482 /* Country.swift in Sources */,
				424199882668438E00F2A482 /* EpisodeService.swift in Sources */,
				4241990126681F5400F2A482 /* Day.swift in Sources */,
				428AD546266956BD00C3C8DF /* HomeView.swift in Sources */,
				42E6C1F0265DD99400A182BB /* Coordinator.swift in Sources */,
				42EAD36D2666BFA20054AA13 /* SerieAPI.swift in Sources */,
				4241990426681F5400F2A482 /* Serie.swift in Sources */,
				4241998E266844A900F2A482 /* SeasonAPI.swift in Sources */,
				428AD55D26695EDA00C3C8DF /* SerieTableViewCell.swift in Sources */,
				4241997A26683AF700F2A482 /* Embedded.swift in Sources */,
				42EAD3572666B0150054AA13 /* APIClient.swift in Sources */,
				42CF05A7265DC735009AD452 /* Afya.xcdatamodeld in Sources */,
				42419996266844B300F2A482 /* SeasonService.swift in Sources */,
				4241990A26681F5400F2A482 /* Schedule.swift in Sources */,
				42FD8B87265DDF66003057D2 /* HomeViewController.swift in Sources */,
				42FD8B98265DE437003057D2 /* HomeCoordinator.swift in Sources */,
				428AD541266956B400C3C8DF /* HomeViewModel.swift in Sources */,
				4241990526681F5400F2A482 /* Rating.swift in Sources */,
				42CF059F265DC735009AD452 /* SceneDelegate.swift in Sources */,
				42EAD3752666BFE20054AA13 /* SerieService.swift in Sources */,
				428AD54B26695D2700C3C8DF /* HasCustomView.swift in Sources */,
				4241990E26681F5400F2A482 /* Image.swift in Sources */,
			);
			runOnlyForDeploymentPostprocessing = 0;
		};
		42CF05AE265DC738009AD452 /* Sources */ = {
			isa = PBXSourcesBuildPhase;
			buildActionMask = 2147483647;
			files = (
				42CF05B7265DC738009AD452 /* AfyaTests.swift in Sources */,
			);
			runOnlyForDeploymentPostprocessing = 0;
		};
		42CF05B9265DC738009AD452 /* Sources */ = {
			isa = PBXSourcesBuildPhase;
			buildActionMask = 2147483647;
			files = (
				42CF05C2265DC738009AD452 /* AfyaUITests.swift in Sources */,
			);
			runOnlyForDeploymentPostprocessing = 0;
		};
/* End PBXSourcesBuildPhase section */

/* Begin PBXTargetDependency section */
		42CF05B4265DC738009AD452 /* PBXTargetDependency */ = {
			isa = PBXTargetDependency;
			target = 42CF0598265DC735009AD452 /* Afya */;
			targetProxy = 42CF05B3265DC738009AD452 /* PBXContainerItemProxy */;
		};
		42CF05BF265DC738009AD452 /* PBXTargetDependency */ = {
			isa = PBXTargetDependency;
			target = 42CF0598265DC735009AD452 /* Afya */;
			targetProxy = 42CF05BE265DC738009AD452 /* PBXContainerItemProxy */;
		};
/* End PBXTargetDependency section */

/* Begin PBXVariantGroup section */
		42CF05AA265DC738009AD452 /* LaunchScreen.storyboard */ = {
			isa = PBXVariantGroup;
			children = (
				42CF05AB265DC738009AD452 /* Base */,
			);
			name = LaunchScreen.storyboard;
			sourceTree = "<group>";
		};
/* End PBXVariantGroup section */

/* Begin XCBuildConfiguration section */
		42CF05C4265DC738009AD452 /* Debug */ = {
			isa = XCBuildConfiguration;
			buildSettings = {
				ALWAYS_SEARCH_USER_PATHS = NO;
				CLANG_ANALYZER_NONNULL = YES;
				CLANG_ANALYZER_NUMBER_OBJECT_CONVERSION = YES_AGGRESSIVE;
				CLANG_CXX_LANGUAGE_STANDARD = "gnu++14";
				CLANG_CXX_LIBRARY = "libc++";
				CLANG_ENABLE_MODULES = YES;
				CLANG_ENABLE_OBJC_ARC = YES;
				CLANG_ENABLE_OBJC_WEAK = YES;
				CLANG_WARN_BLOCK_CAPTURE_AUTORELEASING = YES;
				CLANG_WARN_BOOL_CONVERSION = YES;
				CLANG_WARN_COMMA = YES;
				CLANG_WARN_CONSTANT_CONVERSION = YES;
				CLANG_WARN_DEPRECATED_OBJC_IMPLEMENTATIONS = YES;
				CLANG_WARN_DIRECT_OBJC_ISA_USAGE = YES_ERROR;
				CLANG_WARN_DOCUMENTATION_COMMENTS = YES;
				CLANG_WARN_EMPTY_BODY = YES;
				CLANG_WARN_ENUM_CONVERSION = YES;
				CLANG_WARN_INFINITE_RECURSION = YES;
				CLANG_WARN_INT_CONVERSION = YES;
				CLANG_WARN_NON_LITERAL_NULL_CONVERSION = YES;
				CLANG_WARN_OBJC_IMPLICIT_RETAIN_SELF = YES;
				CLANG_WARN_OBJC_LITERAL_CONVERSION = YES;
				CLANG_WARN_OBJC_ROOT_CLASS = YES_ERROR;
				CLANG_WARN_QUOTED_INCLUDE_IN_FRAMEWORK_HEADER = YES;
				CLANG_WARN_RANGE_LOOP_ANALYSIS = YES;
				CLANG_WARN_STRICT_PROTOTYPES = YES;
				CLANG_WARN_SUSPICIOUS_MOVE = YES;
				CLANG_WARN_UNGUARDED_AVAILABILITY = YES_AGGRESSIVE;
				CLANG_WARN_UNREACHABLE_CODE = YES;
				CLANG_WARN__DUPLICATE_METHOD_MATCH = YES;
				COPY_PHASE_STRIP = NO;
				DEBUG_INFORMATION_FORMAT = dwarf;
				ENABLE_STRICT_OBJC_MSGSEND = YES;
				ENABLE_TESTABILITY = YES;
				GCC_C_LANGUAGE_STANDARD = gnu11;
				GCC_DYNAMIC_NO_PIC = NO;
				GCC_NO_COMMON_BLOCKS = YES;
				GCC_OPTIMIZATION_LEVEL = 0;
				GCC_PREPROCESSOR_DEFINITIONS = (
					"DEBUG=1",
					"$(inherited)",
				);
				GCC_WARN_64_TO_32_BIT_CONVERSION = YES;
				GCC_WARN_ABOUT_RETURN_TYPE = YES_ERROR;
				GCC_WARN_UNDECLARED_SELECTOR = YES;
				GCC_WARN_UNINITIALIZED_AUTOS = YES_AGGRESSIVE;
				GCC_WARN_UNUSED_FUNCTION = YES;
				GCC_WARN_UNUSED_VARIABLE = YES;
				IPHONEOS_DEPLOYMENT_TARGET = 14.4;
				MTL_ENABLE_DEBUG_INFO = INCLUDE_SOURCE;
				MTL_FAST_MATH = YES;
				ONLY_ACTIVE_ARCH = YES;
				SDKROOT = iphoneos;
				SWIFT_ACTIVE_COMPILATION_CONDITIONS = DEBUG;
				SWIFT_OPTIMIZATION_LEVEL = "-Onone";
			};
			name = Debug;
		};
		42CF05C5265DC738009AD452 /* Release */ = {
			isa = XCBuildConfiguration;
			buildSettings = {
				ALWAYS_SEARCH_USER_PATHS = NO;
				CLANG_ANALYZER_NONNULL = YES;
				CLANG_ANALYZER_NUMBER_OBJECT_CONVERSION = YES_AGGRESSIVE;
				CLANG_CXX_LANGUAGE_STANDARD = "gnu++14";
				CLANG_CXX_LIBRARY = "libc++";
				CLANG_ENABLE_MODULES = YES;
				CLANG_ENABLE_OBJC_ARC = YES;
				CLANG_ENABLE_OBJC_WEAK = YES;
				CLANG_WARN_BLOCK_CAPTURE_AUTORELEASING = YES;
				CLANG_WARN_BOOL_CONVERSION = YES;
				CLANG_WARN_COMMA = YES;
				CLANG_WARN_CONSTANT_CONVERSION = YES;
				CLANG_WARN_DEPRECATED_OBJC_IMPLEMENTATIONS = YES;
				CLANG_WARN_DIRECT_OBJC_ISA_USAGE = YES_ERROR;
				CLANG_WARN_DOCUMENTATION_COMMENTS = YES;
				CLANG_WARN_EMPTY_BODY = YES;
				CLANG_WARN_ENUM_CONVERSION = YES;
				CLANG_WARN_INFINITE_RECURSION = YES;
				CLANG_WARN_INT_CONVERSION = YES;
				CLANG_WARN_NON_LITERAL_NULL_CONVERSION = YES;
				CLANG_WARN_OBJC_IMPLICIT_RETAIN_SELF = YES;
				CLANG_WARN_OBJC_LITERAL_CONVERSION = YES;
				CLANG_WARN_OBJC_ROOT_CLASS = YES_ERROR;
				CLANG_WARN_QUOTED_INCLUDE_IN_FRAMEWORK_HEADER = YES;
				CLANG_WARN_RANGE_LOOP_ANALYSIS = YES;
				CLANG_WARN_STRICT_PROTOTYPES = YES;
				CLANG_WARN_SUSPICIOUS_MOVE = YES;
				CLANG_WARN_UNGUARDED_AVAILABILITY = YES_AGGRESSIVE;
				CLANG_WARN_UNREACHABLE_CODE = YES;
				CLANG_WARN__DUPLICATE_METHOD_MATCH = YES;
				COPY_PHASE_STRIP = NO;
				DEBUG_INFORMATION_FORMAT = "dwarf-with-dsym";
				ENABLE_NS_ASSERTIONS = NO;
				ENABLE_STRICT_OBJC_MSGSEND = YES;
				GCC_C_LANGUAGE_STANDARD = gnu11;
				GCC_NO_COMMON_BLOCKS = YES;
				GCC_WARN_64_TO_32_BIT_CONVERSION = YES;
				GCC_WARN_ABOUT_RETURN_TYPE = YES_ERROR;
				GCC_WARN_UNDECLARED_SELECTOR = YES;
				GCC_WARN_UNINITIALIZED_AUTOS = YES_AGGRESSIVE;
				GCC_WARN_UNUSED_FUNCTION = YES;
				GCC_WARN_UNUSED_VARIABLE = YES;
				IPHONEOS_DEPLOYMENT_TARGET = 14.4;
				MTL_ENABLE_DEBUG_INFO = NO;
				MTL_FAST_MATH = YES;
				SDKROOT = iphoneos;
				SWIFT_COMPILATION_MODE = wholemodule;
				SWIFT_OPTIMIZATION_LEVEL = "-O";
				VALIDATE_PRODUCT = YES;
			};
			name = Release;
		};
		42CF05C7265DC738009AD452 /* Debug */ = {
			isa = XCBuildConfiguration;
			baseConfigurationReference = F1F9B59978B464B092C1ED0D /* Pods-Afya.debug.xcconfig */;
			buildSettings = {
				ASSETCATALOG_COMPILER_APPICON_NAME = AppIcon;
				ASSETCATALOG_COMPILER_GLOBAL_ACCENT_COLOR_NAME = AccentColor;
				CODE_SIGN_STYLE = Automatic;
				DEVELOPMENT_TEAM = 48FQ2LXW3X;
				INFOPLIST_FILE = Afya/Info.plist;
				LD_RUNPATH_SEARCH_PATHS = (
					"$(inherited)",
					"@executable_path/Frameworks",
				);
				PRODUCT_BUNDLE_IDENTIFIER = olainternet97.Afya;
				PRODUCT_NAME = "$(TARGET_NAME)";
				SWIFT_VERSION = 5.0;
				TARGETED_DEVICE_FAMILY = "1,2";
			};
			name = Debug;
		};
		42CF05C8265DC738009AD452 /* Release */ = {
			isa = XCBuildConfiguration;
			baseConfigurationReference = FCA16DADACAF103747FDB8ED /* Pods-Afya.release.xcconfig */;
			buildSettings = {
				ASSETCATALOG_COMPILER_APPICON_NAME = AppIcon;
				ASSETCATALOG_COMPILER_GLOBAL_ACCENT_COLOR_NAME = AccentColor;
				CODE_SIGN_STYLE = Automatic;
				DEVELOPMENT_TEAM = 48FQ2LXW3X;
				INFOPLIST_FILE = Afya/Info.plist;
				LD_RUNPATH_SEARCH_PATHS = (
					"$(inherited)",
					"@executable_path/Frameworks",
				);
				PRODUCT_BUNDLE_IDENTIFIER = olainternet97.Afya;
				PRODUCT_NAME = "$(TARGET_NAME)";
				SWIFT_VERSION = 5.0;
				TARGETED_DEVICE_FAMILY = "1,2";
			};
			name = Release;
		};
		42CF05CA265DC738009AD452 /* Debug */ = {
			isa = XCBuildConfiguration;
			baseConfigurationReference = E7017C414EBD5DF8ABAB0BAC /* Pods-AfyaTests.debug.xcconfig */;
			buildSettings = {
				ALWAYS_EMBED_SWIFT_STANDARD_LIBRARIES = YES;
				BUNDLE_LOADER = "$(TEST_HOST)";
				CODE_SIGN_STYLE = Automatic;
				DEVELOPMENT_TEAM = 48FQ2LXW3X;
				INFOPLIST_FILE = AfyaTests/Info.plist;
				IPHONEOS_DEPLOYMENT_TARGET = 14.4;
				LD_RUNPATH_SEARCH_PATHS = (
					"$(inherited)",
					"@executable_path/Frameworks",
					"@loader_path/Frameworks",
				);
				PRODUCT_BUNDLE_IDENTIFIER = olainternet97.AfyaTests;
				PRODUCT_NAME = "$(TARGET_NAME)";
				SWIFT_VERSION = 5.0;
				TARGETED_DEVICE_FAMILY = "1,2";
				TEST_HOST = "$(BUILT_PRODUCTS_DIR)/Afya.app/Afya";
			};
			name = Debug;
		};
		42CF05CB265DC738009AD452 /* Release */ = {
			isa = XCBuildConfiguration;
			baseConfigurationReference = 3ACBD9E76652C5C590F115AF /* Pods-AfyaTests.release.xcconfig */;
			buildSettings = {
				ALWAYS_EMBED_SWIFT_STANDARD_LIBRARIES = YES;
				BUNDLE_LOADER = "$(TEST_HOST)";
				CODE_SIGN_STYLE = Automatic;
				DEVELOPMENT_TEAM = 48FQ2LXW3X;
				INFOPLIST_FILE = AfyaTests/Info.plist;
				IPHONEOS_DEPLOYMENT_TARGET = 14.4;
				LD_RUNPATH_SEARCH_PATHS = (
					"$(inherited)",
					"@executable_path/Frameworks",
					"@loader_path/Frameworks",
				);
				PRODUCT_BUNDLE_IDENTIFIER = olainternet97.AfyaTests;
				PRODUCT_NAME = "$(TARGET_NAME)";
				SWIFT_VERSION = 5.0;
				TARGETED_DEVICE_FAMILY = "1,2";
				TEST_HOST = "$(BUILT_PRODUCTS_DIR)/Afya.app/Afya";
			};
			name = Release;
		};
		42CF05CD265DC738009AD452 /* Debug */ = {
			isa = XCBuildConfiguration;
			baseConfigurationReference = CAD0A986E979A76A1D54D93C /* Pods-Afya-AfyaUITests.debug.xcconfig */;
			buildSettings = {
				ALWAYS_EMBED_SWIFT_STANDARD_LIBRARIES = YES;
				CODE_SIGN_STYLE = Automatic;
				DEVELOPMENT_TEAM = 48FQ2LXW3X;
				INFOPLIST_FILE = AfyaUITests/Info.plist;
				LD_RUNPATH_SEARCH_PATHS = (
					"$(inherited)",
					"@executable_path/Frameworks",
					"@loader_path/Frameworks",
				);
				PRODUCT_BUNDLE_IDENTIFIER = olainternet97.AfyaUITests;
				PRODUCT_NAME = "$(TARGET_NAME)";
				SWIFT_VERSION = 5.0;
				TARGETED_DEVICE_FAMILY = "1,2";
				TEST_TARGET_NAME = Afya;
			};
			name = Debug;
		};
		42CF05CE265DC738009AD452 /* Release */ = {
			isa = XCBuildConfiguration;
			baseConfigurationReference = D83494D2D4CDBF91D2AAAB29 /* Pods-Afya-AfyaUITests.release.xcconfig */;
			buildSettings = {
				ALWAYS_EMBED_SWIFT_STANDARD_LIBRARIES = YES;
				CODE_SIGN_STYLE = Automatic;
				DEVELOPMENT_TEAM = 48FQ2LXW3X;
				INFOPLIST_FILE = AfyaUITests/Info.plist;
				LD_RUNPATH_SEARCH_PATHS = (
					"$(inherited)",
					"@executable_path/Frameworks",
					"@loader_path/Frameworks",
				);
				PRODUCT_BUNDLE_IDENTIFIER = olainternet97.AfyaUITests;
				PRODUCT_NAME = "$(TARGET_NAME)";
				SWIFT_VERSION = 5.0;
				TARGETED_DEVICE_FAMILY = "1,2";
				TEST_TARGET_NAME = Afya;
			};
			name = Release;
		};
/* End XCBuildConfiguration section */

/* Begin XCConfigurationList section */
		42CF0594265DC735009AD452 /* Build configuration list for PBXProject "Afya" */ = {
			isa = XCConfigurationList;
			buildConfigurations = (
				42CF05C4265DC738009AD452 /* Debug */,
				42CF05C5265DC738009AD452 /* Release */,
			);
			defaultConfigurationIsVisible = 0;
			defaultConfigurationName = Release;
		};
		42CF05C6265DC738009AD452 /* Build configuration list for PBXNativeTarget "Afya" */ = {
			isa = XCConfigurationList;
			buildConfigurations = (
				42CF05C7265DC738009AD452 /* Debug */,
				42CF05C8265DC738009AD452 /* Release */,
			);
			defaultConfigurationIsVisible = 0;
			defaultConfigurationName = Release;
		};
		42CF05C9265DC738009AD452 /* Build configuration list for PBXNativeTarget "AfyaTests" */ = {
			isa = XCConfigurationList;
			buildConfigurations = (
				42CF05CA265DC738009AD452 /* Debug */,
				42CF05CB265DC738009AD452 /* Release */,
			);
			defaultConfigurationIsVisible = 0;
			defaultConfigurationName = Release;
		};
		42CF05CC265DC738009AD452 /* Build configuration list for PBXNativeTarget "AfyaUITests" */ = {
			isa = XCConfigurationList;
			buildConfigurations = (
				42CF05CD265DC738009AD452 /* Debug */,
				42CF05CE265DC738009AD452 /* Release */,
			);
			defaultConfigurationIsVisible = 0;
			defaultConfigurationName = Release;
		};
/* End XCConfigurationList section */

/* Begin XCVersionGroup section */
		42CF05A5265DC735009AD452 /* Afya.xcdatamodeld */ = {
			isa = XCVersionGroup;
			children = (
				42CF05A6265DC735009AD452 /* Afya.xcdatamodel */,
			);
			currentVersion = 42CF05A6265DC735009AD452 /* Afya.xcdatamodel */;
			path = Afya.xcdatamodeld;
			sourceTree = "<group>";
			versionGroupType = wrapper.xcdatamodel;
		};
/* End XCVersionGroup section */
	};
	rootObject = 42CF0591265DC735009AD452 /* Project object */;
}
